
Microsoft Visual Studio Solution File, Format Version 12.00
# Visual Studio 2013
VisualStudioVersion = 12.0.40629.0
MinimumVisualStudioVersion = 10.0.40219.1
Project("{FAE04EC0-301F-11D3-BF4B-00C04F79EFBC}") = "Console", "Console\Console.csproj", "{D6863600-C75C-4D61-8983-6005CCAB6688}"
EndProject
Project("{FAE04EC0-301F-11D3-BF4B-00C04F79EFBC}") = "Test", "Test\Test.csproj", "{5AD70DBB-EF9C-4913-9214-3D214A99EF87}"
EndProject
Project("{FAE04EC0-301F-11D3-BF4B-00C04F79EFBC}") = "Business", "Business\Business.csproj", "{F138B183-ED44-4E71-AF9A-8BB68DAF5F3A}"
EndProject
Global
	GlobalSection(SolutionConfigurationPlatforms) = preSolution
		Debug|Any CPU = Debug|Any CPU
		Release|Any CPU = Release|Any CPU
	EndGlobalSection
	GlobalSection(ProjectConfigurationPlatforms) = postSolution
		{D6863600-C75C-4D61-8983-6005CCAB6688}.Debug|Any CPU.ActiveCfg = Debug|Any CPU
		{D6863600-C75C-4D61-8983-6005CCAB6688}.Debug|Any CPU.Build.0 = Debug|Any CPU
		{D6863600-C75C-4D61-8983-6005CCAB6688}.Release|Any CPU.ActiveCfg = Release|Any CPU
		{D6863600-C75C-4D61-8983-6005CCAB6688}.Release|Any CPU.Build.0 = Release|Any CPU
		{5AD70DBB-EF9C-4913-9214-3D214A99EF87}.Debug|Any CPU.ActiveCfg = Debug|Any CPU
		{5AD70DBB-EF9C-4913-9214-3D214A99EF87}.Debug|Any CPU.Build.0 = Debug|Any CPU
		{5AD70DBB-EF9C-4913-9214-3D214A99EF87}.Release|Any CPU.ActiveCfg = Release|Any CPU
		{5AD70DBB-EF9C-4913-9214-3D214A99EF87}.Release|Any CPU.Build.0 = Release|Any CPU
		{F138B183-ED44-4E71-AF9A-8BB68DAF5F3A}.Debug|Any CPU.ActiveCfg = Debug|Any CPU
		{F138B183-ED44-4E71-AF9A-8BB68DAF5F3A}.Debug|Any CPU.Build.0 = Debug|Any CPU
		{F138B183-ED44-4E71-AF9A-8BB68DAF5F3A}.Release|Any CPU.ActiveCfg = Release|Any CPU
		{F138B183-ED44-4E71-AF9A-8BB68DAF5F3A}.Release|Any CPU.Build.0 = Release|Any CPU
	EndGlobalSection
	GlobalSection(SolutionProperties) = preSolution
		HideSolutionNode = FALSE
	EndGlobalSection
EndGlobal
